
Microsoft Visual Studio Solution File, Format Version 12.00
# Visual Studio Version 16
VisualStudioVersion = 16.0.30002.166
MinimumVisualStudioVersion = 10.0.40219.1
Project("{9A19103F-16F7-4668-BE54-9A1E7A4F7556}") = "AllenatoreAPI", "AllenatoreAPI\AllenatoreAPI.csproj", "{09ABE2FC-B29B-40E0-84BC-3F7D410AEE17}"
EndProject
Project("{9A19103F-16F7-4668-BE54-9A1E7A4F7556}") = "DataAccess", "DataAccess\DataAccess.csproj", "{3B6464AA-9D84-49B8-82F2-B4AC922D4EDD}"
EndProject
Project("{9A19103F-16F7-4668-BE54-9A1E7A4F7556}") = "BusinessLogic", "BusinessLogic\BusinessLogic.csproj", "{C3E21B80-0BBC-4622-8578-C4A0A5094AB4}"
EndProject
Project("{FAE04EC0-301F-11D3-BF4B-00C04F79EFBC}") = "FrontEnd", "FrontEnd\FrontEnd.csproj", "{1C5B9C6B-B012-4579-82F1-E3CC23D35D05}"
EndProject
Global
	GlobalSection(SolutionConfigurationPlatforms) = preSolution
		Debug|Any CPU = Debug|Any CPU
		Release|Any CPU = Release|Any CPU
	EndGlobalSection
	GlobalSection(ProjectConfigurationPlatforms) = postSolution
		{09ABE2FC-B29B-40E0-84BC-3F7D410AEE17}.Debug|Any CPU.ActiveCfg = Debug|Any CPU
		{09ABE2FC-B29B-40E0-84BC-3F7D410AEE17}.Debug|Any CPU.Build.0 = Debug|Any CPU
		{09ABE2FC-B29B-40E0-84BC-3F7D410AEE17}.Release|Any CPU.ActiveCfg = Release|Any CPU
		{09ABE2FC-B29B-40E0-84BC-3F7D410AEE17}.Release|Any CPU.Build.0 = Release|Any CPU
		{3B6464AA-9D84-49B8-82F2-B4AC922D4EDD}.Debug|Any CPU.ActiveCfg = Debug|Any CPU
		{3B6464AA-9D84-49B8-82F2-B4AC922D4EDD}.Debug|Any CPU.Build.0 = Debug|Any CPU
		{3B6464AA-9D84-49B8-82F2-B4AC922D4EDD}.Release|Any CPU.ActiveCfg = Release|Any CPU
		{3B6464AA-9D84-49B8-82F2-B4AC922D4EDD}.Release|Any CPU.Build.0 = Release|Any CPU
		{C3E21B80-0BBC-4622-8578-C4A0A5094AB4}.Debug|Any CPU.ActiveCfg = Debug|Any CPU
		{C3E21B80-0BBC-4622-8578-C4A0A5094AB4}.Debug|Any CPU.Build.0 = Debug|Any CPU
		{C3E21B80-0BBC-4622-8578-C4A0A5094AB4}.Release|Any CPU.ActiveCfg = Release|Any CPU
		{C3E21B80-0BBC-4622-8578-C4A0A5094AB4}.Release|Any CPU.Build.0 = Release|Any CPU
		{1C5B9C6B-B012-4579-82F1-E3CC23D35D05}.Debug|Any CPU.ActiveCfg = Debug|Any CPU
		{1C5B9C6B-B012-4579-82F1-E3CC23D35D05}.Debug|Any CPU.Build.0 = Debug|Any CPU
		{1C5B9C6B-B012-4579-82F1-E3CC23D35D05}.Release|Any CPU.ActiveCfg = Release|Any CPU
		{1C5B9C6B-B012-4579-82F1-E3CC23D35D05}.Release|Any CPU.Build.0 = Release|Any CPU
	EndGlobalSection
	GlobalSection(SolutionProperties) = preSolution
		HideSolutionNode = FALSE
	EndGlobalSection
	GlobalSection(ExtensibilityGlobals) = postSolution
		SolutionGuid = {1B439068-4301-4781-8CEE-C8C53C1C36AE}
	EndGlobalSection
EndGlobal
